
Microsoft Visual Studio Solution File, Format Version 12.00
# Visual Studio 2012
Project("{FAE04EC0-301F-11D3-BF4B-00C04F79EFBC}") = "UI.Api", "UI.Api\UI.Api.csproj", "{11A6DE6F-9FED-4BE8-AB60-1E2B3032992A}"
EndProject
Global
	GlobalSection(SolutionConfigurationPlatforms) = preSolution
		Debug|Any CPU = Debug|Any CPU
		Release|Any CPU = Release|Any CPU
	EndGlobalSection
	GlobalSection(ProjectConfigurationPlatforms) = postSolution
		{11A6DE6F-9FED-4BE8-AB60-1E2B3032992A}.Debug|Any CPU.ActiveCfg = Debug|Any CPU
		{11A6DE6F-9FED-4BE8-AB60-1E2B3032992A}.Debug|Any CPU.Build.0 = Debug|Any CPU
		{11A6DE6F-9FED-4BE8-AB60-1E2B3032992A}.Release|Any CPU.ActiveCfg = Release|Any CPU
		{11A6DE6F-9FED-4BE8-AB60-1E2B3032992A}.Release|Any CPU.Build.0 = Release|Any CPU
	EndGlobalSection
	GlobalSection(SolutionProperties) = preSolution
		HideSolutionNode = FALSE
	EndGlobalSection
EndGlobal
